
Microsoft Visual Studio Solution File, Format Version 12.00
# Visual Studio Version 17
VisualStudioVersion = 17.11.35208.52
MinimumVisualStudioVersion = 10.0.40219.1
Project("{FAE04EC0-301F-11D3-BF4B-00C04F79EFBC}") = "SimpleObfuscator", "SimpleObfuscator\SimpleObfuscator.csproj", "{2FE3E43B-316B-4BC6-8306-05D51EE744A2}"
EndProject
Global
	GlobalSection(SolutionConfigurationPlatforms) = preSolution
		Debug|Any CPU = Debug|Any CPU
		Release|Any CPU = Release|Any CPU
	EndGlobalSection
	GlobalSection(ProjectConfigurationPlatforms) = postSolution
		{2FE3E43B-316B-4BC6-8306-05D51EE744A2}.Debug|Any CPU.ActiveCfg = Debug|Any CPU
		{2FE3E43B-316B-4BC6-8306-05D51EE744A2}.Debug|Any CPU.Build.0 = Debug|Any CPU
		{2FE3E43B-316B-4BC6-8306-05D51EE744A2}.Release|Any CPU.ActiveCfg = Release|Any CPU
		{2FE3E43B-316B-4BC6-8306-05D51EE744A2}.Release|Any CPU.Build.0 = Release|Any CPU
	EndGlobalSection
	GlobalSection(SolutionProperties) = preSolution
		HideSolutionNode = FALSE
	EndGlobalSection
	GlobalSection(ExtensibilityGlobals) = postSolution
		SolutionGuid = {2AED7A30-E52F-4ACA-8320-742BE68503CD}
	EndGlobalSection
EndGlobal
